
Microsoft Visual Studio Solution File, Format Version 12.00
# Visual Studio Version 17
VisualStudioVersion = 17.7.34221.43
MinimumVisualStudioVersion = 10.0.40219.1
Project("{FAE04EC0-301F-11D3-BF4B-00C04F79EFBC}") = "2FormSlidMag", "2FormSlidMag\2FormSlidMag.csproj", "{0D1EFEC8-AD3F-422E-8683-F4202687F003}"
EndProject
Project("{FAE04EC0-301F-11D3-BF4B-00C04F79EFBC}") = "WebDownloader", "WebDownloader\WebDownloader.csproj", "{635B369C-153E-4364-9FA4-0E335E4986B2}"
EndProject
Global
	GlobalSection(SolutionConfigurationPlatforms) = preSolution
		Debug|Any CPU = Debug|Any CPU
		Release|Any CPU = Release|Any CPU
	EndGlobalSection
	GlobalSection(ProjectConfigurationPlatforms) = postSolution
		{0D1EFEC8-AD3F-422E-8683-F4202687F003}.Debug|Any CPU.ActiveCfg = Debug|Any CPU
		{0D1EFEC8-AD3F-422E-8683-F4202687F003}.Debug|Any CPU.Build.0 = Debug|Any CPU
		{0D1EFEC8-AD3F-422E-8683-F4202687F003}.Release|Any CPU.ActiveCfg = Release|Any CPU
		{0D1EFEC8-AD3F-422E-8683-F4202687F003}.Release|Any CPU.Build.0 = Release|Any CPU
		{635B369C-153E-4364-9FA4-0E335E4986B2}.Debug|Any CPU.ActiveCfg = Debug|Any CPU
		{635B369C-153E-4364-9FA4-0E335E4986B2}.Debug|Any CPU.Build.0 = Debug|Any CPU
		{635B369C-153E-4364-9FA4-0E335E4986B2}.Release|Any CPU.ActiveCfg = Release|Any CPU
		{635B369C-153E-4364-9FA4-0E335E4986B2}.Release|Any CPU.Build.0 = Release|Any CPU
	EndGlobalSection
	GlobalSection(SolutionProperties) = preSolution
		HideSolutionNode = FALSE
	EndGlobalSection
	GlobalSection(ExtensibilityGlobals) = postSolution
		SolutionGuid = {9E3B381B-5633-4675-A3B9-3F1C776F01BA}
	EndGlobalSection
EndGlobal
